
Microsoft Visual Studio Solution File, Format Version 12.00
# Visual Studio Version 16
VisualStudioVersion = 16.0.30907.101
MinimumVisualStudioVersion = 10.0.40219.1
Project("{FAE04EC0-301F-11D3-BF4B-00C04F79EFBC}") = "MyDictionary", "MyDictionary\MyDictionary.csproj", "{20ACA99B-CFF7-440C-92E0-12025ED335AB}"
EndProject
Global
	GlobalSection(SolutionConfigurationPlatforms) = preSolution
		Debug|Any CPU = Debug|Any CPU
		Release|Any CPU = Release|Any CPU
	EndGlobalSection
	GlobalSection(ProjectConfigurationPlatforms) = postSolution
		{20ACA99B-CFF7-440C-92E0-12025ED335AB}.Debug|Any CPU.ActiveCfg = Debug|Any CPU
		{20ACA99B-CFF7-440C-92E0-12025ED335AB}.Debug|Any CPU.Build.0 = Debug|Any CPU
		{20ACA99B-CFF7-440C-92E0-12025ED335AB}.Release|Any CPU.ActiveCfg = Release|Any CPU
		{20ACA99B-CFF7-440C-92E0-12025ED335AB}.Release|Any CPU.Build.0 = Release|Any CPU
	EndGlobalSection
	GlobalSection(SolutionProperties) = preSolution
		HideSolutionNode = FALSE
	EndGlobalSection
	GlobalSection(ExtensibilityGlobals) = postSolution
		SolutionGuid = {90254047-6929-4A16-8990-BE54823ECB21}
	EndGlobalSection
EndGlobal
